
Microsoft Visual Studio Solution File, Format Version 12.00
# Visual Studio 15
VisualStudioVersion = 15.0.28010.2046
MinimumVisualStudioVersion = 10.0.40219.1
Project("{FAE04EC0-301F-11D3-BF4B-00C04F79EFBC}") = "game_space", "game_space\game_space.csproj", "{D2B8D138-38C3-4D0C-9AD3-FC3AD1F1577B}"
EndProject
Global
	GlobalSection(SolutionConfigurationPlatforms) = preSolution
		Debug|Any CPU = Debug|Any CPU
		Release|Any CPU = Release|Any CPU
	EndGlobalSection
	GlobalSection(ProjectConfigurationPlatforms) = postSolution
		{D2B8D138-38C3-4D0C-9AD3-FC3AD1F1577B}.Debug|Any CPU.ActiveCfg = Debug|Any CPU
		{D2B8D138-38C3-4D0C-9AD3-FC3AD1F1577B}.Debug|Any CPU.Build.0 = Debug|Any CPU
		{D2B8D138-38C3-4D0C-9AD3-FC3AD1F1577B}.Release|Any CPU.ActiveCfg = Release|Any CPU
		{D2B8D138-38C3-4D0C-9AD3-FC3AD1F1577B}.Release|Any CPU.Build.0 = Release|Any CPU
	EndGlobalSection
	GlobalSection(SolutionProperties) = preSolution
		HideSolutionNode = FALSE
	EndGlobalSection
	GlobalSection(ExtensibilityGlobals) = postSolution
		SolutionGuid = {2747EB5B-5397-4405-9DDF-ED5A8E1EC793}
	EndGlobalSection
EndGlobal
